# THIS IS AN AUTOGENERATED FILE. DO NOT EDIT THIS FILE DIRECTLY.
# yarn lockfile v1


"@lit/reactive-element@^1.3.0":
  version "1.3.3"
  resolved "https://registry.yarnpkg.com/@lit/reactive-element/-/reactive-element-1.3.3.tgz#851de2bd28d6c3378a816a28d2505075931559c2"
  integrity sha512-ukelZ49tzUqgOAEbVujl/U62JNK3wdn5kKtXVqrjKND4QvHACZOMOYaZI6/5Jd8vsg+Fq9HDwiib70FBLydOiQ==

"@types/trusted-types@^2.0.2":
  version "2.0.2"
  resolved "https://registry.yarnpkg.com/@types/trusted-types/-/trusted-types-2.0.2.tgz#fc25ad9943bcac11cceb8168db4f275e0e72e756"
  integrity sha512-F5DIZ36YVLE+PN+Zwws4kJogq47hNgX3Nx6WyDJ3kcplxyke3XIzB8uK5n/Lpm1HBsbGzd6nmGehL8cPekP+Tg==

lit-element@^3.2.0:
  version "3.2.1"
  resolved "https://registry.yarnpkg.com/lit-element/-/lit-element-3.2.1.tgz#f917d22451b848768f84164d41eb5e18903986e3"
  integrity sha512-2PxyE9Yq9Jyo/YBK2anycaHcqo93YvB5D+24JxloPVqryW/BOXekne+jGsm0Ke3E5E2v7CDgkmpEmCAzYfrHCQ==
  dependencies:
    "@lit/reactive-element" "^1.3.0"
    lit-html "^2.2.0"

lit-html@^2.2.0:
  version "2.2.6"
  resolved "https://registry.yarnpkg.com/lit-html/-/lit-html-2.2.6.tgz#e70679605420a34c4f3cbd0c483b2fb1fff781df"
  integrity sha512-xOKsPmq/RAKJ6dUeOxhmOYFjcjf0Q7aSdfBJgdJkOfCUnkmmJPxNrlZpRBeVe1Gg50oYWMlgm6ccAE/SpJgSdw==
  dependencies:
    "@types/trusted-types" "^2.0.2"

lit@^2.2.7:
  version "2.2.7"
  resolved "https://registry.yarnpkg.com/lit/-/lit-2.2.7.tgz#a563e8851db1f131912f510129dcc9a42324e838"
  integrity sha512-WXYujlKFwme5ZqXOZoWuRVZQAwy7scbcVT3wCbAOHefOxyscqjywWGlF2e6nnC9E64yP9l2ZQlN8wZcRlrjUMQ==
  dependencies:
    "@lit/reactive-element" "^1.3.0"
    lit-element "^3.2.0"
    lit-html "^2.2.0"
