# THIS IS AN AUTOGENERATED FILE. DO NOT EDIT THIS FILE DIRECTLY.
# yarn lockfile v1


"@lit/reactive-element@^1.3.0":
  "integrity" "sha512-ukelZ49tzUqgOAEbVujl/U62JNK3wdn5kKtXVqrjKND4QvHACZOMOYaZI6/5Jd8vsg+Fq9HDwiib70FBLydOiQ=="
  "resolved" "https://registry.npmjs.org/@lit/reactive-element/-/reactive-element-1.3.3.tgz"
  "version" "1.3.3"

"@types/trusted-types@^2.0.2":
  "integrity" "sha512-F5DIZ36YVLE+PN+Zwws4kJogq47hNgX3Nx6WyDJ3kcplxyke3XIzB8uK5n/Lpm1HBsbGzd6nmGehL8cPekP+Tg=="
  "resolved" "https://registry.npmjs.org/@types/trusted-types/-/trusted-types-2.0.2.tgz"
  "version" "2.0.2"

"lit-element@^3.2.0":
  "integrity" "sha512-2PxyE9Yq9Jyo/YBK2anycaHcqo93YvB5D+24JxloPVqryW/BOXekne+jGsm0Ke3E5E2v7CDgkmpEmCAzYfrHCQ=="
  "resolved" "https://registry.npmjs.org/lit-element/-/lit-element-3.2.1.tgz"
  "version" "3.2.1"
  dependencies:
    "@lit/reactive-element" "^1.3.0"
    "lit-html" "^2.2.0"

"lit-html@^2.2.0":
  "integrity" "sha512-xOKsPmq/RAKJ6dUeOxhmOYFjcjf0Q7aSdfBJgdJkOfCUnkmmJPxNrlZpRBeVe1Gg50oYWMlgm6ccAE/SpJgSdw=="
  "resolved" "https://registry.npmjs.org/lit-html/-/lit-html-2.2.6.tgz"
  "version" "2.2.6"
  dependencies:
    "@types/trusted-types" "^2.0.2"

"lit@^2.2.7":
  "integrity" "sha512-WXYujlKFwme5ZqXOZoWuRVZQAwy7scbcVT3wCbAOHefOxyscqjywWGlF2e6nnC9E64yP9l2ZQlN8wZcRlrjUMQ=="
  "resolved" "https://registry.npmjs.org/lit/-/lit-2.2.7.tgz"
  "version" "2.2.7"
  dependencies:
    "@lit/reactive-element" "^1.3.0"
    "lit-element" "^3.2.0"
    "lit-html" "^2.2.0"

"xetroc-ui@file:":
  "resolved" "file:"
  "version" "1.0.4"
  dependencies:
    "lit" "^2.2.7"
    "xetroc-ui" "file:"
